// !$*UTF8*$!
{
	archiveVersion = 1;
	classes = {
	};
	objectVersion = 46;
	objects = {

/* Begin PBXBuildFile section */
		AA83FCFF1C1B659A002D884B /* main.m in Sources */ = {isa = PBXBuildFile; fileRef = AA83FCFE1C1B659A002D884B /* main.m */; };
		AA83FD071C1B65E5002D884B /* Trial.m in Sources */ = {isa = PBXBuildFile; fileRef = AA83FD061C1B65E5002D884B /* Trial.m */; };
/* End PBXBuildFile section */

/* Begin PBXCopyFilesBuildPhase section */
		AA83FCF91C1B659A002D884B /* CopyFiles */ = {
			isa = PBXCopyFilesBuildPhase;
			buildActionMask = 2147483647;
			dstPath = /usr/share/man/man1/;
			dstSubfolderSpec = 0;
			files = (
			);
			runOnlyForDeploymentPostprocessing = 1;
		};
/* End PBXCopyFilesBuildPhase section */

/* Begin PBXFileReference section */
		AA83FCFB1C1B659A002D884B /* GameShowTest */ = {isa = PBXFileReference; explicitFileType = "compiled.mach-o.executable"; includeInIndex = 0; path = GameShowTest; sourceTree = BUILT_PRODUCTS_DIR; };
		AA83FCFE1C1B659A002D884B /* main.m */ = {isa = PBXFileReference; lastKnownFileType = sourcecode.c.objc; path = main.m; sourceTree = "<group>"; };
		AA83FD051C1B65E5002D884B /* Trial.h */ = {isa = PBXFileReference; fileEncoding = 4; lastKnownFileType = sourcecode.c.h; path = Trial.h; sourceTree = "<group>"; };
		AA83FD061C1B65E5002D884B /* Trial.m */ = {isa = PBXFileReference; fileEncoding = 4; lastKnownFileType = sourcecode.c.objc; path = Trial.m; sourceTree = "<group>"; };
/* End PBXFileReference section */

/* Begin PBXFrameworksBuildPhase section */
		AA83FCF81C1B659A002D884B /* Frameworks */ = {
			isa = PBXFrameworksBuildPhase;
			buildActionMask = 2147483647;
			files = (
			);
			runOnlyForDeploymentPostprocessing = 0;
		};
/* End PBXFrameworksBuildPhase section */

/* Begin PBXGroup section */
		AA83FCF21C1B659A002D884B = {
			isa = PBXGroup;
			children = (
				AA83FCFD1C1B659A002D884B /* GameShowTest */,
				AA83FCFC1C1B659A002D884B /* Products */,
			);
			sourceTree = "<group>";
		};
		AA83FCFC1C1B659A002D884B /* Products */ = {
			isa = PBXGroup;
			children = (
				AA83FCFB1C1B659A002D884B /* GameShowTest */,
			);
			name = Products;
			sourceTree = "<group>";
		};
		AA83FCFD1C1B659A002D884B /* GameShowTest */ = {
			isa = PBXGroup;
			children = (
				AA83FCFE1C1B659A002D884B /* main.m */,
				AA83FD051C1B65E5002D884B /* Trial.h */,
				AA83FD061C1B65E5002D884B /* Trial.m */,
			);
			path = GameShowTest;
			sourceTree = "<group>";
		};
/* End PBXGroup section */

/* Begin PBXNativeTarget section */
		AA83FCFA1C1B659A002D884B /* GameShowTest */ = {
			isa = PBXNativeTarget;
			buildConfigurationList = AA83FD021C1B659A002D884B /* Build configuration list for PBXNativeTarget "GameShowTest" */;
			buildPhases = (
				AA83FCF71C1B659A002D884B /* Sources */,
				AA83FCF81C1B659A002D884B /* Frameworks */,
				AA83FCF91C1B659A002D884B /* CopyFiles */,
			);
			buildRules = (
			);
			dependencies = (
			);
			name = GameShowTest;
			productName = GameShowTest;
			productReference = AA83FCFB1C1B659A002D884B /* GameShowTest */;
			productType = "com.apple.product-type.tool";
		};
/* End PBXNativeTarget section */

/* Begin PBXProject section */
		AA83FCF31C1B659A002D884B /* Project object */ = {
			isa = PBXProject;
			attributes = {
				LastUpgradeCheck = 0720;
				ORGANIZATIONNAME = turntotech.io;
				TargetAttributes = {
					AA83FCFA1C1B659A002D884B = {
						CreatedOnToolsVersion = 7.2;
					};
				};
			};
			buildConfigurationList = AA83FCF61C1B659A002D884B /* Build configuration list for PBXProject "GameShowTest" */;
			compatibilityVersion = "Xcode 3.2";
			developmentRegion = English;
			hasScannedForEncodings = 0;
			knownRegions = (
				en,
			);
			mainGroup = AA83FCF21C1B659A002D884B;
			productRefGroup = AA83FCFC1C1B659A002D884B /* Products */;
			projectDirPath = "";
			projectRoot = "";
			targets = (
				AA83FCFA1C1B659A002D884B /* GameShowTest */,
			);
		};
/* End PBXProject section */

/* Begin PBXSourcesBuildPhase section */
		AA83FCF71C1B659A002D884B /* Sources */ = {
			isa = PBXSourcesBuildPhase;
			buildActionMask = 2147483647;
			files = (
				AA83FD071C1B65E5002D884B /* Trial.m in Sources */,
				AA83FCFF1C1B659A002D884B /* main.m in Sources */,
			);
			runOnlyForDeploymentPostprocessing = 0;
		};
/* End PBXSourcesBuildPhase section */

/* Begin XCBuildConfiguration section */
		AA83FD001C1B659A002D884B /* Debug */ = {
			isa = XCBuildConfiguration;
			buildSettings = {
				ALWAYS_SEARCH_USER_PATHS = NO;
				CLANG_CXX_LANGUAGE_STANDARD = "gnu++0x";
				CLANG_CXX_LIBRARY = "libc++";
				CLANG_ENABLE_MODULES = YES;
				CLANG_ENABLE_OBJC_ARC = YES;
				CLANG_WARN_BOOL_CONVERSION = YES;
				CLANG_WARN_CONSTANT_CONVERSION = YES;
				CLANG_WARN_DIRECT_OBJC_ISA_USAGE = YES_ERROR;
				CLANG_WARN_EMPTY_BODY = YES;
				CLANG_WARN_ENUM_CONVERSION = YES;
				CLANG_WARN_INT_CONVERSION = YES;
				CLANG_WARN_OBJC_ROOT_CLASS = YES_ERROR;
				CLANG_WARN_UNREACHABLE_CODE = YES;
				CLANG_WARN__DUPLICATE_METHOD_MATCH = YES;
				CODE_SIGN_IDENTITY = "-";
				COPY_PHASE_STRIP = NO;
				DEBUG_INFORMATION_FORMAT = dwarf;
				ENABLE_STRICT_OBJC_MSGSEND = YES;
				ENABLE_TESTABILITY = YES;
				GCC_C_LANGUAGE_STANDARD = gnu99;
				GCC_DYNAMIC_NO_PIC = NO;
				GCC_NO_COMMON_BLOCKS = YES;
				GCC_OPTIMIZATION_LEVEL = 0;
				GCC_PREPROCESSOR_DEFINITIONS = (
					"DEBUG=1",
					"$(inherited)",
				);
				GCC_WARN_64_TO_32_BIT_CONVERSION = YES;
				GCC_WARN_ABOUT_RETURN_TYPE = YES_ERROR;
				GCC_WARN_UNDECLARED_SELECTOR = YES;
				GCC_WARN_UNINITIALIZED_AUTOS = YES_AGGRESSIVE;
				GCC_WARN_UNUSED_FUNCTION = YES;
				GCC_WARN_UNUSED_VARIABLE = YES;
				MACOSX_DEPLOYMENT_TARGET = 10.11;
				MTL_ENABLE_DEBUG_INFO = YES;
				ONLY_ACTIVE_ARCH = YES;
				SDKROOT = macosx;
			};
			name = Debug;
		};
		AA83FD011C1B659A002D884B /* Release */ = {
			isa = XCBuildConfiguration;
			buildSettings = {
				ALWAYS_SEARCH_USER_PATHS = NO;
				CLANG_CXX_LANGUAGE_STANDARD = "gnu++0x";
				CLANG_CXX_LIBRARY = "libc++";
				CLANG_ENABLE_MODULES = YES;
				CLANG_ENABLE_OBJC_ARC = YES;
				CLANG_WARN_BOOL_CONVERSION = YES;
				CLANG_WARN_CONSTANT_CONVERSION = YES;
				CLANG_WARN_DIRECT_OBJC_ISA_USAGE = YES_ERROR;
				CLANG_WARN_EMPTY_BODY = YES;
				CLANG_WARN_ENUM_CONVERSION = YES;
				CLANG_WARN_INT_CONVERSION = YES;
				CLANG_WARN_OBJC_ROOT_CLASS = YES_ERROR;
				CLANG_WARN_UNREACHABLE_CODE = YES;
				CLANG_WARN__DUPLICATE_METHOD_MATCH = YES;
				CODE_SIGN_IDENTITY = "-";
				COPY_PHASE_STRIP = NO;
				DEBUG_INFORMATION_FORMAT = "dwarf-with-dsym";
				ENABLE_NS_ASSERTIONS = NO;
				ENABLE_STRICT_OBJC_MSGSEND = YES;
				GCC_C_LANGUAGE_STANDARD = gnu99;
				GCC_NO_COMMON_BLOCKS = YES;
				GCC_WARN_64_TO_32_BIT_CONVERSION = YES;
				GCC_WARN_ABOUT_RETURN_TYPE = YES_ERROR;
				GCC_WARN_UNDECLARED_SELECTOR = YES;
				GCC_WARN_UNINITIALIZED_AUTOS = YES_AGGRESSIVE;
				GCC_WARN_UNUSED_FUNCTION = YES;
				GCC_WARN_UNUSED_VARIABLE = YES;
				MACOSX_DEPLOYMENT_TARGET = 10.11;
				MTL_ENABLE_DEBUG_INFO = NO;
				SDKROOT = macosx;
			};
			name = Release;
		};
		AA83FD031C1B659A002D884B /* Debug */ = {
			isa = XCBuildConfiguration;
			buildSettings = {
				PRODUCT_NAME = "$(TARGET_NAME)";
			};
			name = Debug;
		};
		AA83FD041C1B659A002D884B /* Release */ = {
			isa = XCBuildConfiguration;
			buildSettings = {
				PRODUCT_NAME = "$(TARGET_NAME)";
			};
			name = Release;
		};
/* End XCBuildConfiguration section */

/* Begin XCConfigurationList section */
		AA83FCF61C1B659A002D884B /* Build configuration list for PBXProject "GameShowTest" */ = {
			isa = XCConfigurationList;
			buildConfigurations = (
				AA83FD001C1B659A002D884B /* Debug */,
				AA83FD011C1B659A002D884B /* Release */,
			);
			defaultConfigurationIsVisible = 0;
			defaultConfigurationName = Release;
		};
		AA83FD021C1B659A002D884B /* Build configuration list for PBXNativeTarget "GameShowTest" */ = {
			isa = XCConfigurationList;
			buildConfigurations = (
				AA83FD031C1B659A002D884B /* Debug */,
				AA83FD041C1B659A002D884B /* Release */,
			);
			defaultConfigurationIsVisible = 0;
		};
/* End XCConfigurationList section */
	};
	rootObject = AA83FCF31C1B659A002D884B /* Project object */;
}
